
Microsoft Visual Studio Solution File, Format Version 12.00
# Visual Studio 14
VisualStudioVersion = 14.0.24720.0
MinimumVisualStudioVersion = 10.0.40219.1
Project("{FAE04EC0-301F-11D3-BF4B-00C04F79EFBC}") = "StoreApp", "StoreApp\StoreApp.csproj", "{7A25E2F2-7F8B-48A3-B481-916AE8C9ED76}"
EndProject
Project("{FAE04EC0-301F-11D3-BF4B-00C04F79EFBC}") = "WebAPIPhase_2", "..\WebAPIPhase_2\WebAPIPhase_2\WebAPIPhase_2.csproj", "{4319E8C8-8F24-4906-AFD8-9A0D352F9EA9}"
EndProject
Global
	GlobalSection(SolutionConfigurationPlatforms) = preSolution
		Debug|Any CPU = Debug|Any CPU
		Release|Any CPU = Release|Any CPU
	EndGlobalSection
	GlobalSection(ProjectConfigurationPlatforms) = postSolution
		{7A25E2F2-7F8B-48A3-B481-916AE8C9ED76}.Debug|Any CPU.ActiveCfg = Debug|Any CPU
		{7A25E2F2-7F8B-48A3-B481-916AE8C9ED76}.Debug|Any CPU.Build.0 = Debug|Any CPU
		{7A25E2F2-7F8B-48A3-B481-916AE8C9ED76}.Release|Any CPU.ActiveCfg = Release|Any CPU
		{7A25E2F2-7F8B-48A3-B481-916AE8C9ED76}.Release|Any CPU.Build.0 = Release|Any CPU
		{4319E8C8-8F24-4906-AFD8-9A0D352F9EA9}.Debug|Any CPU.ActiveCfg = Debug|Any CPU
		{4319E8C8-8F24-4906-AFD8-9A0D352F9EA9}.Debug|Any CPU.Build.0 = Debug|Any CPU
		{4319E8C8-8F24-4906-AFD8-9A0D352F9EA9}.Release|Any CPU.ActiveCfg = Release|Any CPU
		{4319E8C8-8F24-4906-AFD8-9A0D352F9EA9}.Release|Any CPU.Build.0 = Release|Any CPU
	EndGlobalSection
	GlobalSection(SolutionProperties) = preSolution
		HideSolutionNode = FALSE
	EndGlobalSection
EndGlobal
